// !$*UTF8*$!
{
	archiveVersion = 1;
	classes = {
	};
	objectVersion = 56;
	objects = {

/* Begin PBXBuildFile section */
		2974457B2BECC67A00FA3835 /* Project1App.swift in Sources */ = {isa = PBXBuildFile; fileRef = 2974457A2BECC67A00FA3835 /* Project1App.swift */; };
		2974457F2BECC67B00FA3835 /* Assets.xcassets in Resources */ = {isa = PBXBuildFile; fileRef = 2974457E2BECC67B00FA3835 /* Assets.xcassets */; };
		297445822BECC67B00FA3835 /* Preview Assets.xcassets in Resources */ = {isa = PBXBuildFile; fileRef = 297445812BECC67B00FA3835 /* Preview Assets.xcassets */; };
		2974458E2BECC6F600FA3835 /* AgoraRTMViewModel.swift in Sources */ = {isa = PBXBuildFile; fileRef = 2974458D2BECC6F600FA3835 /* AgoraRTMViewModel.swift */; };
		29BD81CF2BECCD6E00E251AF /* AgoraRtmKit.xcframework in Frameworks */ = {isa = PBXBuildFile; fileRef = 29BD81CE2BECCD6E00E251AF /* AgoraRtmKit.xcframework */; };
		29BD81D02BECCD6E00E251AF /* AgoraRtmKit.xcframework in Embed Frameworks */ = {isa = PBXBuildFile; fileRef = 29BD81CE2BECCD6E00E251AF /* AgoraRtmKit.xcframework */; settings = {ATTRIBUTES = (CodeSignOnCopy, RemoveHeadersOnCopy, ); }; };
		29BD81D32BECCE2F00E251AF /* LoginView.swift in Sources */ = {isa = PBXBuildFile; fileRef = 29BD81D22BECCE2F00E251AF /* LoginView.swift */; };
		29BD81D52BECCE3D00E251AF /* ContactsListView.swift in Sources */ = {isa = PBXBuildFile; fileRef = 29BD81D42BECCE3D00E251AF /* ContactsListView.swift */; };
		29BD81D92BECD46000E251AF /* Configurations.swift in Sources */ = {isa = PBXBuildFile; fileRef = 29BD81D82BECD46000E251AF /* Configurations.swift */; };
		29BD81DC2BECD4F500E251AF /* CustomGlobal.swift in Sources */ = {isa = PBXBuildFile; fileRef = 29BD81DB2BECD4F500E251AF /* CustomGlobal.swift */; };
		29BD81E02BEDC41400E251AF /* Contact.swift in Sources */ = {isa = PBXBuildFile; fileRef = 29BD81DF2BEDC41400E251AF /* Contact.swift */; };
		29BD81E22BEDC44000E251AF /* ContactDetailView.swift in Sources */ = {isa = PBXBuildFile; fileRef = 29BD81E12BEDC44000E251AF /* ContactDetailView.swift */; };
		29BD81E42BEDCEEB00E251AF /* ContactsListItemView.swift in Sources */ = {isa = PBXBuildFile; fileRef = 29BD81E32BEDCEEB00E251AF /* ContactsListItemView.swift */; };
		29BD81E82BEF487C00E251AF /* CustomViewModifiers.swift in Sources */ = {isa = PBXBuildFile; fileRef = 29BD81E72BEF487C00E251AF /* CustomViewModifiers.swift */; };
		29CA22412BF4B70B00014A2D /* MainView.swift in Sources */ = {isa = PBXBuildFile; fileRef = 29CA22402BF4B70B00014A2D /* MainView.swift */; };
		29CA22432BF4B7CD00014A2D /* ChatsListView.swift in Sources */ = {isa = PBXBuildFile; fileRef = 29CA22422BF4B7CD00014A2D /* ChatsListView.swift */; };
		29CA22472BF5B8E900014A2D /* MessageItemLocalView.swift in Sources */ = {isa = PBXBuildFile; fileRef = 29CA22452BF5B8E900014A2D /* MessageItemLocalView.swift */; };
		29CA22482BF5B8E900014A2D /* MessageItemRemoteView.swift in Sources */ = {isa = PBXBuildFile; fileRef = 29CA22462BF5B8E900014A2D /* MessageItemRemoteView.swift */; };
		29CA224B2BF6048900014A2D /* MessagingView.swift in Sources */ = {isa = PBXBuildFile; fileRef = 29CA224A2BF6048900014A2D /* MessagingView.swift */; };
		29CA224F2BF7517000014A2D /* MeView.swift in Sources */ = {isa = PBXBuildFile; fileRef = 29CA224E2BF7517000014A2D /* MeView.swift */; };
/* End PBXBuildFile section */

/* Begin PBXCopyFilesBuildPhase section */
		29BD81D12BECCD6E00E251AF /* Embed Frameworks */ = {
			isa = PBXCopyFilesBuildPhase;
			buildActionMask = 2147483647;
			dstPath = "";
			dstSubfolderSpec = 10;
			files = (
				29BD81D02BECCD6E00E251AF /* AgoraRtmKit.xcframework in Embed Frameworks */,
			);
			name = "Embed Frameworks";
			runOnlyForDeploymentPostprocessing = 0;
		};
/* End PBXCopyFilesBuildPhase section */

/* Begin PBXFileReference section */
		297445772BECC67A00FA3835 /* Project1.app */ = {isa = PBXFileReference; explicitFileType = wrapper.application; includeInIndex = 0; path = Project1.app; sourceTree = BUILT_PRODUCTS_DIR; };
		2974457A2BECC67A00FA3835 /* Project1App.swift */ = {isa = PBXFileReference; lastKnownFileType = sourcecode.swift; path = Project1App.swift; sourceTree = "<group>"; };
		2974457E2BECC67B00FA3835 /* Assets.xcassets */ = {isa = PBXFileReference; lastKnownFileType = folder.assetcatalog; path = Assets.xcassets; sourceTree = "<group>"; };
		297445812BECC67B00FA3835 /* Preview Assets.xcassets */ = {isa = PBXFileReference; lastKnownFileType = folder.assetcatalog; path = "Preview Assets.xcassets"; sourceTree = "<group>"; };
		2974458D2BECC6F600FA3835 /* AgoraRTMViewModel.swift */ = {isa = PBXFileReference; lastKnownFileType = sourcecode.swift; path = AgoraRTMViewModel.swift; sourceTree = "<group>"; };
		29BD81CE2BECCD6E00E251AF /* AgoraRtmKit.xcframework */ = {isa = PBXFileReference; lastKnownFileType = wrapper.xcframework; name = AgoraRtmKit.xcframework; path = ../../../0_Libraries/AgoraRtmKit.xcframework; sourceTree = "<group>"; };
		29BD81D22BECCE2F00E251AF /* LoginView.swift */ = {isa = PBXFileReference; lastKnownFileType = sourcecode.swift; path = LoginView.swift; sourceTree = "<group>"; };
		29BD81D42BECCE3D00E251AF /* ContactsListView.swift */ = {isa = PBXFileReference; lastKnownFileType = sourcecode.swift; path = ContactsListView.swift; sourceTree = "<group>"; };
		29BD81D82BECD46000E251AF /* Configurations.swift */ = {isa = PBXFileReference; lastKnownFileType = sourcecode.swift; path = Configurations.swift; sourceTree = "<group>"; };
		29BD81DB2BECD4F500E251AF /* CustomGlobal.swift */ = {isa = PBXFileReference; lastKnownFileType = sourcecode.swift; path = CustomGlobal.swift; sourceTree = "<group>"; };
		29BD81DF2BEDC41400E251AF /* Contact.swift */ = {isa = PBXFileReference; lastKnownFileType = sourcecode.swift; path = Contact.swift; sourceTree = "<group>"; };
		29BD81E12BEDC44000E251AF /* ContactDetailView.swift */ = {isa = PBXFileReference; lastKnownFileType = sourcecode.swift; path = ContactDetailView.swift; sourceTree = "<group>"; };
		29BD81E32BEDCEEB00E251AF /* ContactsListItemView.swift */ = {isa = PBXFileReference; lastKnownFileType = sourcecode.swift; path = ContactsListItemView.swift; sourceTree = "<group>"; };
		29BD81E72BEF487C00E251AF /* CustomViewModifiers.swift */ = {isa = PBXFileReference; lastKnownFileType = sourcecode.swift; path = CustomViewModifiers.swift; sourceTree = "<group>"; };
		29CA22402BF4B70B00014A2D /* MainView.swift */ = {isa = PBXFileReference; lastKnownFileType = sourcecode.swift; path = MainView.swift; sourceTree = "<group>"; };
		29CA22422BF4B7CD00014A2D /* ChatsListView.swift */ = {isa = PBXFileReference; lastKnownFileType = sourcecode.swift; path = ChatsListView.swift; sourceTree = "<group>"; };
		29CA22452BF5B8E900014A2D /* MessageItemLocalView.swift */ = {isa = PBXFileReference; fileEncoding = 4; lastKnownFileType = sourcecode.swift; path = MessageItemLocalView.swift; sourceTree = "<group>"; };
		29CA22462BF5B8E900014A2D /* MessageItemRemoteView.swift */ = {isa = PBXFileReference; fileEncoding = 4; lastKnownFileType = sourcecode.swift; path = MessageItemRemoteView.swift; sourceTree = "<group>"; };
		29CA224A2BF6048900014A2D /* MessagingView.swift */ = {isa = PBXFileReference; lastKnownFileType = sourcecode.swift; path = MessagingView.swift; sourceTree = "<group>"; };
		29CA224E2BF7517000014A2D /* MeView.swift */ = {isa = PBXFileReference; lastKnownFileType = sourcecode.swift; path = MeView.swift; sourceTree = "<group>"; };
/* End PBXFileReference section */

/* Begin PBXFrameworksBuildPhase section */
		297445742BECC67A00FA3835 /* Frameworks */ = {
			isa = PBXFrameworksBuildPhase;
			buildActionMask = 2147483647;
			files = (
				29BD81CF2BECCD6E00E251AF /* AgoraRtmKit.xcframework in Frameworks */,
			);
			runOnlyForDeploymentPostprocessing = 0;
		};
/* End PBXFrameworksBuildPhase section */

/* Begin PBXGroup section */
		2974456E2BECC67A00FA3835 = {
			isa = PBXGroup;
			children = (
				297445792BECC67A00FA3835 /* Project1 */,
				297445782BECC67A00FA3835 /* Products */,
				2974458F2BECCBCD00FA3835 /* Frameworks */,
			);
			sourceTree = "<group>";
		};
		297445782BECC67A00FA3835 /* Products */ = {
			isa = PBXGroup;
			children = (
				297445772BECC67A00FA3835 /* Project1.app */,
			);
			name = Products;
			sourceTree = "<group>";
		};
		297445792BECC67A00FA3835 /* Project1 */ = {
			isa = PBXGroup;
			children = (
				2974457A2BECC67A00FA3835 /* Project1App.swift */,
				297445892BECC69400FA3835 /* Models */,
				297445882BECC68700FA3835 /* Views */,
				2974458A2BECC69A00FA3835 /* ViewModels */,
				2974457E2BECC67B00FA3835 /* Assets.xcassets */,
				297445802BECC67B00FA3835 /* Preview Content */,
			);
			path = Project1;
			sourceTree = "<group>";
		};
		297445802BECC67B00FA3835 /* Preview Content */ = {
			isa = PBXGroup;
			children = (
				297445812BECC67B00FA3835 /* Preview Assets.xcassets */,
			);
			path = "Preview Content";
			sourceTree = "<group>";
		};
		297445882BECC68700FA3835 /* Views */ = {
			isa = PBXGroup;
			children = (
				29CA22402BF4B70B00014A2D /* MainView.swift */,
				29BD81D22BECCE2F00E251AF /* LoginView.swift */,
				29CA22422BF4B7CD00014A2D /* ChatsListView.swift */,
				29BD81D42BECCE3D00E251AF /* ContactsListView.swift */,
				29CA224E2BF7517000014A2D /* MeView.swift */,
				29CA22442BF5B75200014A2D /* ChildViews */,
				29BD81E62BEF484500E251AF /* CustomViews */,
			);
			path = Views;
			sourceTree = "<group>";
		};
		297445892BECC69400FA3835 /* Models */ = {
			isa = PBXGroup;
			children = (
				29BD81D82BECD46000E251AF /* Configurations.swift */,
				29BD81DB2BECD4F500E251AF /* CustomGlobal.swift */,
				29BD81DF2BEDC41400E251AF /* Contact.swift */,
			);
			path = Models;
			sourceTree = "<group>";
		};
		2974458A2BECC69A00FA3835 /* ViewModels */ = {
			isa = PBXGroup;
			children = (
				2974458D2BECC6F600FA3835 /* AgoraRTMViewModel.swift */,
			);
			path = ViewModels;
			sourceTree = "<group>";
		};
		2974458F2BECCBCD00FA3835 /* Frameworks */ = {
			isa = PBXGroup;
			children = (
				29BD81CE2BECCD6E00E251AF /* AgoraRtmKit.xcframework */,
			);
			name = Frameworks;
			sourceTree = "<group>";
		};
		29BD81E62BEF484500E251AF /* CustomViews */ = {
			isa = PBXGroup;
			children = (
				29BD81E72BEF487C00E251AF /* CustomViewModifiers.swift */,
			);
			path = CustomViews;
			sourceTree = "<group>";
		};
		29CA22442BF5B75200014A2D /* ChildViews */ = {
			isa = PBXGroup;
			children = (
				29BD81E32BEDCEEB00E251AF /* ContactsListItemView.swift */,
				29BD81E12BEDC44000E251AF /* ContactDetailView.swift */,
				29CA224A2BF6048900014A2D /* MessagingView.swift */,
				29CA22452BF5B8E900014A2D /* MessageItemLocalView.swift */,
				29CA22462BF5B8E900014A2D /* MessageItemRemoteView.swift */,
			);
			path = ChildViews;
			sourceTree = "<group>";
		};
/* End PBXGroup section */

/* Begin PBXNativeTarget section */
		297445762BECC67A00FA3835 /* Project1 */ = {
			isa = PBXNativeTarget;
			buildConfigurationList = 297445852BECC67B00FA3835 /* Build configuration list for PBXNativeTarget "Project1" */;
			buildPhases = (
				297445732BECC67A00FA3835 /* Sources */,
				297445742BECC67A00FA3835 /* Frameworks */,
				297445752BECC67A00FA3835 /* Resources */,
				29BD81D12BECCD6E00E251AF /* Embed Frameworks */,
			);
			buildRules = (
			);
			dependencies = (
			);
			name = Project1;
			productName = Project1;
			productReference = 297445772BECC67A00FA3835 /* Project1.app */;
			productType = "com.apple.product-type.application";
		};
/* End PBXNativeTarget section */

/* Begin PBXProject section */
		2974456F2BECC67A00FA3835 /* Project object */ = {
			isa = PBXProject;
			attributes = {
				BuildIndependentTargetsInParallel = 1;
				LastSwiftUpdateCheck = 1530;
				LastUpgradeCheck = 1530;
				TargetAttributes = {
					297445762BECC67A00FA3835 = {
						CreatedOnToolsVersion = 15.3;
					};
				};
			};
			buildConfigurationList = 297445722BECC67A00FA3835 /* Build configuration list for PBXProject "Project1" */;
			compatibilityVersion = "Xcode 14.0";
			developmentRegion = en;
			hasScannedForEncodings = 0;
			knownRegions = (
				en,
				Base,
			);
			mainGroup = 2974456E2BECC67A00FA3835;
			productRefGroup = 297445782BECC67A00FA3835 /* Products */;
			projectDirPath = "";
			projectRoot = "";
			targets = (
				297445762BECC67A00FA3835 /* Project1 */,
			);
		};
/* End PBXProject section */

/* Begin PBXResourcesBuildPhase section */
		297445752BECC67A00FA3835 /* Resources */ = {
			isa = PBXResourcesBuildPhase;
			buildActionMask = 2147483647;
			files = (
				297445822BECC67B00FA3835 /* Preview Assets.xcassets in Resources */,
				2974457F2BECC67B00FA3835 /* Assets.xcassets in Resources */,
			);
			runOnlyForDeploymentPostprocessing = 0;
		};
/* End PBXResourcesBuildPhase section */

/* Begin PBXSourcesBuildPhase section */
		297445732BECC67A00FA3835 /* Sources */ = {
			isa = PBXSourcesBuildPhase;
			buildActionMask = 2147483647;
			files = (
				29CA22412BF4B70B00014A2D /* MainView.swift in Sources */,
				2974457B2BECC67A00FA3835 /* Project1App.swift in Sources */,
				29CA22472BF5B8E900014A2D /* MessageItemLocalView.swift in Sources */,
				29BD81DC2BECD4F500E251AF /* CustomGlobal.swift in Sources */,
				29CA224F2BF7517000014A2D /* MeView.swift in Sources */,
				29BD81E42BEDCEEB00E251AF /* ContactsListItemView.swift in Sources */,
				29CA22432BF4B7CD00014A2D /* ChatsListView.swift in Sources */,
				29CA224B2BF6048900014A2D /* MessagingView.swift in Sources */,
				29BD81D92BECD46000E251AF /* Configurations.swift in Sources */,
				29BD81E82BEF487C00E251AF /* CustomViewModifiers.swift in Sources */,
				29BD81E22BEDC44000E251AF /* ContactDetailView.swift in Sources */,
				29BD81D32BECCE2F00E251AF /* LoginView.swift in Sources */,
				29BD81D52BECCE3D00E251AF /* ContactsListView.swift in Sources */,
				29CA22482BF5B8E900014A2D /* MessageItemRemoteView.swift in Sources */,
				2974458E2BECC6F600FA3835 /* AgoraRTMViewModel.swift in Sources */,
				29BD81E02BEDC41400E251AF /* Contact.swift in Sources */,
			);
			runOnlyForDeploymentPostprocessing = 0;
		};
/* End PBXSourcesBuildPhase section */

/* Begin XCBuildConfiguration section */
		297445832BECC67B00FA3835 /* Debug */ = {
			isa = XCBuildConfiguration;
			buildSettings = {
				ALWAYS_SEARCH_USER_PATHS = NO;
				ASSETCATALOG_COMPILER_GENERATE_SWIFT_ASSET_SYMBOL_EXTENSIONS = YES;
				CLANG_ANALYZER_NONNULL = YES;
				CLANG_ANALYZER_NUMBER_OBJECT_CONVERSION = YES_AGGRESSIVE;
				CLANG_CXX_LANGUAGE_STANDARD = "gnu++20";
				CLANG_ENABLE_MODULES = YES;
				CLANG_ENABLE_OBJC_ARC = YES;
				CLANG_ENABLE_OBJC_WEAK = YES;
				CLANG_WARN_BLOCK_CAPTURE_AUTORELEASING = YES;
				CLANG_WARN_BOOL_CONVERSION = YES;
				CLANG_WARN_COMMA = YES;
				CLANG_WARN_CONSTANT_CONVERSION = YES;
				CLANG_WARN_DEPRECATED_OBJC_IMPLEMENTATIONS = YES;
				CLANG_WARN_DIRECT_OBJC_ISA_USAGE = YES_ERROR;
				CLANG_WARN_DOCUMENTATION_COMMENTS = YES;
				CLANG_WARN_EMPTY_BODY = YES;
				CLANG_WARN_ENUM_CONVERSION = YES;
				CLANG_WARN_INFINITE_RECURSION = YES;
				CLANG_WARN_INT_CONVERSION = YES;
				CLANG_WARN_NON_LITERAL_NULL_CONVERSION = YES;
				CLANG_WARN_OBJC_IMPLICIT_RETAIN_SELF = YES;
				CLANG_WARN_OBJC_LITERAL_CONVERSION = YES;
				CLANG_WARN_OBJC_ROOT_CLASS = YES_ERROR;
				CLANG_WARN_QUOTED_INCLUDE_IN_FRAMEWORK_HEADER = YES;
				CLANG_WARN_RANGE_LOOP_ANALYSIS = YES;
				CLANG_WARN_STRICT_PROTOTYPES = YES;
				CLANG_WARN_SUSPICIOUS_MOVE = YES;
				CLANG_WARN_UNGUARDED_AVAILABILITY = YES_AGGRESSIVE;
				CLANG_WARN_UNREACHABLE_CODE = YES;
				CLANG_WARN__DUPLICATE_METHOD_MATCH = YES;
				COPY_PHASE_STRIP = NO;
				DEBUG_INFORMATION_FORMAT = dwarf;
				ENABLE_STRICT_OBJC_MSGSEND = YES;
				ENABLE_TESTABILITY = YES;
				ENABLE_USER_SCRIPT_SANDBOXING = NO;
				GCC_C_LANGUAGE_STANDARD = gnu17;
				GCC_DYNAMIC_NO_PIC = NO;
				GCC_NO_COMMON_BLOCKS = YES;
				GCC_OPTIMIZATION_LEVEL = 0;
				GCC_PREPROCESSOR_DEFINITIONS = (
					"DEBUG=1",
					"$(inherited)",
				);
				GCC_WARN_64_TO_32_BIT_CONVERSION = YES;
				GCC_WARN_ABOUT_RETURN_TYPE = YES_ERROR;
				GCC_WARN_UNDECLARED_SELECTOR = YES;
				GCC_WARN_UNINITIALIZED_AUTOS = YES_AGGRESSIVE;
				GCC_WARN_UNUSED_FUNCTION = YES;
				GCC_WARN_UNUSED_VARIABLE = YES;
				IPHONEOS_DEPLOYMENT_TARGET = 17.4;
				LOCALIZATION_PREFERS_STRING_CATALOGS = YES;
				MTL_ENABLE_DEBUG_INFO = INCLUDE_SOURCE;
				MTL_FAST_MATH = YES;
				ONLY_ACTIVE_ARCH = YES;
				SDKROOT = iphoneos;
				SWIFT_ACTIVE_COMPILATION_CONDITIONS = "DEBUG $(inherited)";
				SWIFT_OPTIMIZATION_LEVEL = "-Onone";
			};
			name = Debug;
		};
		297445842BECC67B00FA3835 /* Release */ = {
			isa = XCBuildConfiguration;
			buildSettings = {
				ALWAYS_SEARCH_USER_PATHS = NO;
				ASSETCATALOG_COMPILER_GENERATE_SWIFT_ASSET_SYMBOL_EXTENSIONS = YES;
				CLANG_ANALYZER_NONNULL = YES;
				CLANG_ANALYZER_NUMBER_OBJECT_CONVERSION = YES_AGGRESSIVE;
				CLANG_CXX_LANGUAGE_STANDARD = "gnu++20";
				CLANG_ENABLE_MODULES = YES;
				CLANG_ENABLE_OBJC_ARC = YES;
				CLANG_ENABLE_OBJC_WEAK = YES;
				CLANG_WARN_BLOCK_CAPTURE_AUTORELEASING = YES;
				CLANG_WARN_BOOL_CONVERSION = YES;
				CLANG_WARN_COMMA = YES;
				CLANG_WARN_CONSTANT_CONVERSION = YES;
				CLANG_WARN_DEPRECATED_OBJC_IMPLEMENTATIONS = YES;
				CLANG_WARN_DIRECT_OBJC_ISA_USAGE = YES_ERROR;
				CLANG_WARN_DOCUMENTATION_COMMENTS = YES;
				CLANG_WARN_EMPTY_BODY = YES;
				CLANG_WARN_ENUM_CONVERSION = YES;
				CLANG_WARN_INFINITE_RECURSION = YES;
				CLANG_WARN_INT_CONVERSION = YES;
				CLANG_WARN_NON_LITERAL_NULL_CONVERSION = YES;
				CLANG_WARN_OBJC_IMPLICIT_RETAIN_SELF = YES;
				CLANG_WARN_OBJC_LITERAL_CONVERSION = YES;
				CLANG_WARN_OBJC_ROOT_CLASS = YES_ERROR;
				CLANG_WARN_QUOTED_INCLUDE_IN_FRAMEWORK_HEADER = YES;
				CLANG_WARN_RANGE_LOOP_ANALYSIS = YES;
				CLANG_WARN_STRICT_PROTOTYPES = YES;
				CLANG_WARN_SUSPICIOUS_MOVE = YES;
				CLANG_WARN_UNGUARDED_AVAILABILITY = YES_AGGRESSIVE;
				CLANG_WARN_UNREACHABLE_CODE = YES;
				CLANG_WARN__DUPLICATE_METHOD_MATCH = YES;
				COPY_PHASE_STRIP = NO;
				DEBUG_INFORMATION_FORMAT = "dwarf-with-dsym";
				ENABLE_NS_ASSERTIONS = NO;
				ENABLE_STRICT_OBJC_MSGSEND = YES;
				ENABLE_USER_SCRIPT_SANDBOXING = NO;
				GCC_C_LANGUAGE_STANDARD = gnu17;
				GCC_NO_COMMON_BLOCKS = YES;
				GCC_WARN_64_TO_32_BIT_CONVERSION = YES;
				GCC_WARN_ABOUT_RETURN_TYPE = YES_ERROR;
				GCC_WARN_UNDECLARED_SELECTOR = YES;
				GCC_WARN_UNINITIALIZED_AUTOS = YES_AGGRESSIVE;
				GCC_WARN_UNUSED_FUNCTION = YES;
				GCC_WARN_UNUSED_VARIABLE = YES;
				IPHONEOS_DEPLOYMENT_TARGET = 17.4;
				LOCALIZATION_PREFERS_STRING_CATALOGS = YES;
				MTL_ENABLE_DEBUG_INFO = NO;
				MTL_FAST_MATH = YES;
				SDKROOT = iphoneos;
				SWIFT_COMPILATION_MODE = wholemodule;
				VALIDATE_PRODUCT = YES;
			};
			name = Release;
		};
		297445862BECC67B00FA3835 /* Debug */ = {
			isa = XCBuildConfiguration;
			buildSettings = {
				ASSETCATALOG_COMPILER_APPICON_NAME = AppIcon;
				ASSETCATALOG_COMPILER_GLOBAL_ACCENT_COLOR_NAME = AccentColor;
				CODE_SIGN_STYLE = Automatic;
				CURRENT_PROJECT_VERSION = 1;
				DEVELOPMENT_ASSET_PATHS = "\"Project1/Preview Content\"";
				DEVELOPMENT_TEAM = UL3DJY7F56;
				ENABLE_PREVIEWS = YES;
				GENERATE_INFOPLIST_FILE = YES;
				INFOPLIST_KEY_UIApplicationSceneManifest_Generation = YES;
				INFOPLIST_KEY_UIApplicationSupportsIndirectInputEvents = YES;
				INFOPLIST_KEY_UILaunchScreen_Generation = YES;
				INFOPLIST_KEY_UISupportedInterfaceOrientations_iPad = "UIInterfaceOrientationPortrait UIInterfaceOrientationPortraitUpsideDown UIInterfaceOrientationLandscapeLeft UIInterfaceOrientationLandscapeRight";
				INFOPLIST_KEY_UISupportedInterfaceOrientations_iPhone = "UIInterfaceOrientationPortrait UIInterfaceOrientationLandscapeLeft UIInterfaceOrientationLandscapeRight";
				LD_RUNPATH_SEARCH_PATHS = (
					"$(inherited)",
					"@executable_path/Frameworks",
				);
				MARKETING_VERSION = 1.0;
				PRODUCT_BUNDLE_IDENTIFIER = boldbrightstudio.Project1;
				PRODUCT_NAME = "$(TARGET_NAME)";
				SWIFT_EMIT_LOC_STRINGS = YES;
				SWIFT_VERSION = 5.0;
				TARGETED_DEVICE_FAMILY = "1,2";
			};
			name = Debug;
		};
		297445872BECC67B00FA3835 /* Release */ = {
			isa = XCBuildConfiguration;
			buildSettings = {
				ASSETCATALOG_COMPILER_APPICON_NAME = AppIcon;
				ASSETCATALOG_COMPILER_GLOBAL_ACCENT_COLOR_NAME = AccentColor;
				CODE_SIGN_STYLE = Automatic;
				CURRENT_PROJECT_VERSION = 1;
				DEVELOPMENT_ASSET_PATHS = "\"Project1/Preview Content\"";
				DEVELOPMENT_TEAM = UL3DJY7F56;
				ENABLE_PREVIEWS = YES;
				GENERATE_INFOPLIST_FILE = YES;
				INFOPLIST_KEY_UIApplicationSceneManifest_Generation = YES;
				INFOPLIST_KEY_UIApplicationSupportsIndirectInputEvents = YES;
				INFOPLIST_KEY_UILaunchScreen_Generation = YES;
				INFOPLIST_KEY_UISupportedInterfaceOrientations_iPad = "UIInterfaceOrientationPortrait UIInterfaceOrientationPortraitUpsideDown UIInterfaceOrientationLandscapeLeft UIInterfaceOrientationLandscapeRight";
				INFOPLIST_KEY_UISupportedInterfaceOrientations_iPhone = "UIInterfaceOrientationPortrait UIInterfaceOrientationLandscapeLeft UIInterfaceOrientationLandscapeRight";
				LD_RUNPATH_SEARCH_PATHS = (
					"$(inherited)",
					"@executable_path/Frameworks",
				);
				MARKETING_VERSION = 1.0;
				PRODUCT_BUNDLE_IDENTIFIER = boldbrightstudio.Project1;
				PRODUCT_NAME = "$(TARGET_NAME)";
				SWIFT_EMIT_LOC_STRINGS = YES;
				SWIFT_VERSION = 5.0;
				TARGETED_DEVICE_FAMILY = "1,2";
			};
			name = Release;
		};
/* End XCBuildConfiguration section */

/* Begin XCConfigurationList section */
		297445722BECC67A00FA3835 /* Build configuration list for PBXProject "Project1" */ = {
			isa = XCConfigurationList;
			buildConfigurations = (
				297445832BECC67B00FA3835 /* Debug */,
				297445842BECC67B00FA3835 /* Release */,
			);
			defaultConfigurationIsVisible = 0;
			defaultConfigurationName = Release;
		};
		297445852BECC67B00FA3835 /* Build configuration list for PBXNativeTarget "Project1" */ = {
			isa = XCConfigurationList;
			buildConfigurations = (
				297445862BECC67B00FA3835 /* Debug */,
				297445872BECC67B00FA3835 /* Release */,
			);
			defaultConfigurationIsVisible = 0;
			defaultConfigurationName = Release;
		};
/* End XCConfigurationList section */
	};
	rootObject = 2974456F2BECC67A00FA3835 /* Project object */;
}
